// !$*UTF8*$!
{
	archiveVersion = 1;
	classes = {
	};
	objectVersion = 56;
	objects = {

/* Begin PBXBuildFile section */
		6F2A3CDB2A9DA73E00A72B55 /* brandon-grotesque-regular.otf in Resources */ = {isa = PBXBuildFile; fileRef = 6F2A3CD82A9DA73E00A72B55 /* brandon-grotesque-regular.otf */; };
		6F2A3CDC2A9DA73E00A72B55 /* brandon-grotesque-medium.otf in Resources */ = {isa = PBXBuildFile; fileRef = 6F2A3CD92A9DA73E00A72B55 /* brandon-grotesque-medium.otf */; };
		6F2A3CDD2A9DA73E00A72B55 /* brandon-grotesque-light.otf in Resources */ = {isa = PBXBuildFile; fileRef = 6F2A3CDA2A9DA73E00A72B55 /* brandon-grotesque-light.otf */; };
		6FAA954C2A9D07EF00D6E795 /* AppDelegate.swift in Sources */ = {isa = PBXBuildFile; fileRef = 6FAA954B2A9D07EF00D6E795 /* AppDelegate.swift */; };
		6FAA954E2A9D07EF00D6E795 /* SceneDelegate.swift in Sources */ = {isa = PBXBuildFile; fileRef = 6FAA954D2A9D07EF00D6E795 /* SceneDelegate.swift */; };
		6FAA95502A9D07EF00D6E795 /* WelcomeVC.swift in Sources */ = {isa = PBXBuildFile; fileRef = 6FAA954F2A9D07EF00D6E795 /* WelcomeVC.swift */; };
		6FAA95532A9D07EF00D6E795 /* Main.storyboard in Resources */ = {isa = PBXBuildFile; fileRef = 6FAA95512A9D07EF00D6E795 /* Main.storyboard */; };
		6FAA95552A9D07F000D6E795 /* Assets.xcassets in Resources */ = {isa = PBXBuildFile; fileRef = 6FAA95542A9D07F000D6E795 /* Assets.xcassets */; };
		6FAA95582A9D07F000D6E795 /* LaunchScreen.storyboard in Resources */ = {isa = PBXBuildFile; fileRef = 6FAA95562A9D07F000D6E795 /* LaunchScreen.storyboard */; };
		6FAA95732A9D0F9B00D6E795 /* Extensions.swift in Sources */ = {isa = PBXBuildFile; fileRef = 6FAA95722A9D0F9B00D6E795 /* Extensions.swift */; };
		6FAA95782A9D14C500D6E795 /* InitialInfoVC.swift in Sources */ = {isa = PBXBuildFile; fileRef = 6FAA95772A9D14C500D6E795 /* InitialInfoVC.swift */; };
		6FAA957D2A9D169F00D6E795 /* HomeVC.swift in Sources */ = {isa = PBXBuildFile; fileRef = 6FAA95792A9D169F00D6E795 /* HomeVC.swift */; };
		6FAA957E2A9D169F00D6E795 /* FruitListingCollectionviewCell.swift in Sources */ = {isa = PBXBuildFile; fileRef = 6FAA957A2A9D169F00D6E795 /* FruitListingCollectionviewCell.swift */; };
		6FAA957F2A9D169F00D6E795 /* FruitListingCollectionviewCell.xib in Resources */ = {isa = PBXBuildFile; fileRef = 6FAA957B2A9D169F00D6E795 /* FruitListingCollectionviewCell.xib */; };
		6FAA95802A9D169F00D6E795 /* TitleNameCollectionViewCell.swift in Sources */ = {isa = PBXBuildFile; fileRef = 6FAA957C2A9D169F00D6E795 /* TitleNameCollectionViewCell.swift */; };
		6FAA95822A9D1AEF00D6E795 /* HomeViewModel.swift in Sources */ = {isa = PBXBuildFile; fileRef = 6FAA95812A9D1AEF00D6E795 /* HomeViewModel.swift */; };
		719F398FA8FC19CD0800C90D /* Pods_FruitHub.framework in Frameworks */ = {isa = PBXBuildFile; fileRef = CAB1C18697BF41103DD1B891 /* Pods_FruitHub.framework */; };
/* End PBXBuildFile section */

/* Begin PBXFileReference section */
		55F92F2B42B8C05E42A11E53 /* Pods-FruitHub.debug.xcconfig */ = {isa = PBXFileReference; includeInIndex = 1; lastKnownFileType = text.xcconfig; name = "Pods-FruitHub.debug.xcconfig"; path = "Target Support Files/Pods-FruitHub/Pods-FruitHub.debug.xcconfig"; sourceTree = "<group>"; };
		6F2A3CD82A9DA73E00A72B55 /* brandon-grotesque-regular.otf */ = {isa = PBXFileReference; lastKnownFileType = file; path = "brandon-grotesque-regular.otf"; sourceTree = "<group>"; };
		6F2A3CD92A9DA73E00A72B55 /* brandon-grotesque-medium.otf */ = {isa = PBXFileReference; lastKnownFileType = file; path = "brandon-grotesque-medium.otf"; sourceTree = "<group>"; };
		6F2A3CDA2A9DA73E00A72B55 /* brandon-grotesque-light.otf */ = {isa = PBXFileReference; lastKnownFileType = file; path = "brandon-grotesque-light.otf"; sourceTree = "<group>"; };
		6FAA95482A9D07EF00D6E795 /* FruitHub.app */ = {isa = PBXFileReference; explicitFileType = wrapper.application; includeInIndex = 0; path = FruitHub.app; sourceTree = BUILT_PRODUCTS_DIR; };
		6FAA954B2A9D07EF00D6E795 /* AppDelegate.swift */ = {isa = PBXFileReference; lastKnownFileType = sourcecode.swift; path = AppDelegate.swift; sourceTree = "<group>"; };
		6FAA954D2A9D07EF00D6E795 /* SceneDelegate.swift */ = {isa = PBXFileReference; lastKnownFileType = sourcecode.swift; path = SceneDelegate.swift; sourceTree = "<group>"; };
		6FAA954F2A9D07EF00D6E795 /* WelcomeVC.swift */ = {isa = PBXFileReference; lastKnownFileType = sourcecode.swift; path = WelcomeVC.swift; sourceTree = "<group>"; };
		6FAA95522A9D07EF00D6E795 /* Base */ = {isa = PBXFileReference; lastKnownFileType = file.storyboard; name = Base; path = Base.lproj/Main.storyboard; sourceTree = "<group>"; };
		6FAA95542A9D07F000D6E795 /* Assets.xcassets */ = {isa = PBXFileReference; lastKnownFileType = folder.assetcatalog; path = Assets.xcassets; sourceTree = "<group>"; };
		6FAA95572A9D07F000D6E795 /* Base */ = {isa = PBXFileReference; lastKnownFileType = file.storyboard; name = Base; path = Base.lproj/LaunchScreen.storyboard; sourceTree = "<group>"; };
		6FAA95592A9D07F000D6E795 /* Info.plist */ = {isa = PBXFileReference; lastKnownFileType = text.plist.xml; path = Info.plist; sourceTree = "<group>"; };
		6FAA95722A9D0F9B00D6E795 /* Extensions.swift */ = {isa = PBXFileReference; lastKnownFileType = sourcecode.swift; path = Extensions.swift; sourceTree = "<group>"; };
		6FAA95772A9D14C500D6E795 /* InitialInfoVC.swift */ = {isa = PBXFileReference; lastKnownFileType = sourcecode.swift; path = InitialInfoVC.swift; sourceTree = "<group>"; };
		6FAA95792A9D169F00D6E795 /* HomeVC.swift */ = {isa = PBXFileReference; fileEncoding = 4; lastKnownFileType = sourcecode.swift; path = HomeVC.swift; sourceTree = "<group>"; };
		6FAA957A2A9D169F00D6E795 /* FruitListingCollectionviewCell.swift */ = {isa = PBXFileReference; fileEncoding = 4; lastKnownFileType = sourcecode.swift; path = FruitListingCollectionviewCell.swift; sourceTree = "<group>"; };
		6FAA957B2A9D169F00D6E795 /* FruitListingCollectionviewCell.xib */ = {isa = PBXFileReference; fileEncoding = 4; lastKnownFileType = file.xib; path = FruitListingCollectionviewCell.xib; sourceTree = "<group>"; };
		6FAA957C2A9D169F00D6E795 /* TitleNameCollectionViewCell.swift */ = {isa = PBXFileReference; fileEncoding = 4; lastKnownFileType = sourcecode.swift; path = TitleNameCollectionViewCell.swift; sourceTree = "<group>"; };
		6FAA95812A9D1AEF00D6E795 /* HomeViewModel.swift */ = {isa = PBXFileReference; lastKnownFileType = sourcecode.swift; path = HomeViewModel.swift; sourceTree = "<group>"; };
		CAB1C18697BF41103DD1B891 /* Pods_FruitHub.framework */ = {isa = PBXFileReference; explicitFileType = wrapper.framework; includeInIndex = 0; path = Pods_FruitHub.framework; sourceTree = BUILT_PRODUCTS_DIR; };
		FC79057D798A06E03D5B8C03 /* Pods-FruitHub.release.xcconfig */ = {isa = PBXFileReference; includeInIndex = 1; lastKnownFileType = text.xcconfig; name = "Pods-FruitHub.release.xcconfig"; path = "Target Support Files/Pods-FruitHub/Pods-FruitHub.release.xcconfig"; sourceTree = "<group>"; };
/* End PBXFileReference section */

/* Begin PBXFrameworksBuildPhase section */
		6FAA95452A9D07EF00D6E795 /* Frameworks */ = {
			isa = PBXFrameworksBuildPhase;
			buildActionMask = 2147483647;
			files = (
				719F398FA8FC19CD0800C90D /* Pods_FruitHub.framework in Frameworks */,
			);
			runOnlyForDeploymentPostprocessing = 0;
		};
/* End PBXFrameworksBuildPhase section */

/* Begin PBXGroup section */
		4F66E5F0EFE6CBF3C7FEE87B /* Frameworks */ = {
			isa = PBXGroup;
			children = (
				CAB1C18697BF41103DD1B891 /* Pods_FruitHub.framework */,
			);
			name = Frameworks;
			sourceTree = "<group>";
		};
		6F2A3CD22A9D9A3500A72B55 /* Controller */ = {
			isa = PBXGroup;
			children = (
				6F2A3CD62A9D9A8600A72B55 /* Cell */,
				6FAA954F2A9D07EF00D6E795 /* WelcomeVC.swift */,
				6FAA95772A9D14C500D6E795 /* InitialInfoVC.swift */,
				6FAA95792A9D169F00D6E795 /* HomeVC.swift */,
			);
			path = Controller;
			sourceTree = "<group>";
		};
		6F2A3CD32A9D9A4100A72B55 /* AppLifeCycle */ = {
			isa = PBXGroup;
			children = (
				6FAA954B2A9D07EF00D6E795 /* AppDelegate.swift */,
				6FAA954D2A9D07EF00D6E795 /* SceneDelegate.swift */,
			);
			path = AppLifeCycle;
			sourceTree = "<group>";
		};
		6F2A3CD42A9D9A6800A72B55 /* View */ = {
			isa = PBXGroup;
			children = (
				6F2A3CD52A9D9A7200A72B55 /* Cell */,
				6FAA95512A9D07EF00D6E795 /* Main.storyboard */,
				6FAA95562A9D07F000D6E795 /* LaunchScreen.storyboard */,
			);
			path = View;
			sourceTree = "<group>";
		};
		6F2A3CD52A9D9A7200A72B55 /* Cell */ = {
			isa = PBXGroup;
			children = (
				6FAA957B2A9D169F00D6E795 /* FruitListingCollectionviewCell.xib */,
			);
			path = Cell;
			sourceTree = "<group>";
		};
		6F2A3CD62A9D9A8600A72B55 /* Cell */ = {
			isa = PBXGroup;
			children = (
				6FAA957C2A9D169F00D6E795 /* TitleNameCollectionViewCell.swift */,
				6FAA957A2A9D169F00D6E795 /* FruitListingCollectionviewCell.swift */,
			);
			path = Cell;
			sourceTree = "<group>";
		};
		6F2A3CD72A9D9AA100A72B55 /* ViewModel */ = {
			isa = PBXGroup;
			children = (
				6FAA95812A9D1AEF00D6E795 /* HomeViewModel.swift */,
			);
			path = ViewModel;
			sourceTree = "<group>";
		};
		6FAA953F2A9D07EF00D6E795 = {
			isa = PBXGroup;
			children = (
				6FAA954A2A9D07EF00D6E795 /* FruitHub */,
				6FAA95492A9D07EF00D6E795 /* Products */,
				C1BADB53E17D79F5710F0E40 /* Pods */,
				4F66E5F0EFE6CBF3C7FEE87B /* Frameworks */,
			);
			sourceTree = "<group>";
		};
		6FAA95492A9D07EF00D6E795 /* Products */ = {
			isa = PBXGroup;
			children = (
				6FAA95482A9D07EF00D6E795 /* FruitHub.app */,
			);
			name = Products;
			sourceTree = "<group>";
		};
		6FAA954A2A9D07EF00D6E795 /* FruitHub */ = {
			isa = PBXGroup;
			children = (
				6FAA956D2A9D0A4E00D6E795 /* Fonts */,
				6FAA95742A9D0FAB00D6E795 /* Extensions */,
				6F2A3CD32A9D9A4100A72B55 /* AppLifeCycle */,
				6F2A3CD72A9D9AA100A72B55 /* ViewModel */,
				6F2A3CD22A9D9A3500A72B55 /* Controller */,
				6F2A3CD42A9D9A6800A72B55 /* View */,
				6FAA95542A9D07F000D6E795 /* Assets.xcassets */,
				6FAA95592A9D07F000D6E795 /* Info.plist */,
			);
			path = FruitHub;
			sourceTree = "<group>";
		};
		6FAA956D2A9D0A4E00D6E795 /* Fonts */ = {
			isa = PBXGroup;
			children = (
				6F2A3CDA2A9DA73E00A72B55 /* brandon-grotesque-light.otf */,
				6F2A3CD92A9DA73E00A72B55 /* brandon-grotesque-medium.otf */,
				6F2A3CD82A9DA73E00A72B55 /* brandon-grotesque-regular.otf */,
			);
			path = Fonts;
			sourceTree = "<group>";
		};
		6FAA95742A9D0FAB00D6E795 /* Extensions */ = {
			isa = PBXGroup;
			children = (
				6FAA95722A9D0F9B00D6E795 /* Extensions.swift */,
			);
			path = Extensions;
			sourceTree = "<group>";
		};
		C1BADB53E17D79F5710F0E40 /* Pods */ = {
			isa = PBXGroup;
			children = (
				55F92F2B42B8C05E42A11E53 /* Pods-FruitHub.debug.xcconfig */,
				FC79057D798A06E03D5B8C03 /* Pods-FruitHub.release.xcconfig */,
			);
			path = Pods;
			sourceTree = "<group>";
		};
/* End PBXGroup section */

/* Begin PBXNativeTarget section */
		6FAA95472A9D07EF00D6E795 /* FruitHub */ = {
			isa = PBXNativeTarget;
			buildConfigurationList = 6FAA955C2A9D07F000D6E795 /* Build configuration list for PBXNativeTarget "FruitHub" */;
			buildPhases = (
				4C5D2F75AD432142A9FD6685 /* [CP] Check Pods Manifest.lock */,
				6FAA95442A9D07EF00D6E795 /* Sources */,
				6FAA95452A9D07EF00D6E795 /* Frameworks */,
				6FAA95462A9D07EF00D6E795 /* Resources */,
				7E822F2CC8C35C675B1EFF1C /* [CP] Embed Pods Frameworks */,
			);
			buildRules = (
			);
			dependencies = (
			);
			name = FruitHub;
			productName = FruitHub;
			productReference = 6FAA95482A9D07EF00D6E795 /* FruitHub.app */;
			productType = "com.apple.product-type.application";
		};
/* End PBXNativeTarget section */

/* Begin PBXProject section */
		6FAA95402A9D07EF00D6E795 /* Project object */ = {
			isa = PBXProject;
			attributes = {
				BuildIndependentTargetsInParallel = 1;
				LastSwiftUpdateCheck = 1430;
				LastUpgradeCheck = 1430;
				TargetAttributes = {
					6FAA95472A9D07EF00D6E795 = {
						CreatedOnToolsVersion = 14.3;
					};
				};
			};
			buildConfigurationList = 6FAA95432A9D07EF00D6E795 /* Build configuration list for PBXProject "FruitHub" */;
			compatibilityVersion = "Xcode 14.0";
			developmentRegion = en;
			hasScannedForEncodings = 0;
			knownRegions = (
				en,
				Base,
			);
			mainGroup = 6FAA953F2A9D07EF00D6E795;
			productRefGroup = 6FAA95492A9D07EF00D6E795 /* Products */;
			projectDirPath = "";
			projectRoot = "";
			targets = (
				6FAA95472A9D07EF00D6E795 /* FruitHub */,
			);
		};
/* End PBXProject section */

/* Begin PBXResourcesBuildPhase section */
		6FAA95462A9D07EF00D6E795 /* Resources */ = {
			isa = PBXResourcesBuildPhase;
			buildActionMask = 2147483647;
			files = (
				6FAA95582A9D07F000D6E795 /* LaunchScreen.storyboard in Resources */,
				6F2A3CDB2A9DA73E00A72B55 /* brandon-grotesque-regular.otf in Resources */,
				6F2A3CDD2A9DA73E00A72B55 /* brandon-grotesque-light.otf in Resources */,
				6FAA95552A9D07F000D6E795 /* Assets.xcassets in Resources */,
				6F2A3CDC2A9DA73E00A72B55 /* brandon-grotesque-medium.otf in Resources */,
				6FAA957F2A9D169F00D6E795 /* FruitListingCollectionviewCell.xib in Resources */,
				6FAA95532A9D07EF00D6E795 /* Main.storyboard in Resources */,
			);
			runOnlyForDeploymentPostprocessing = 0;
		};
/* End PBXResourcesBuildPhase section */

/* Begin PBXShellScriptBuildPhase section */
		4C5D2F75AD432142A9FD6685 /* [CP] Check Pods Manifest.lock */ = {
			isa = PBXShellScriptBuildPhase;
			buildActionMask = 2147483647;
			files = (
			);
			inputFileListPaths = (
			);
			inputPaths = (
				"${PODS_PODFILE_DIR_PATH}/Podfile.lock",
				"${PODS_ROOT}/Manifest.lock",
			);
			name = "[CP] Check Pods Manifest.lock";
			outputFileListPaths = (
			);
			outputPaths = (
				"$(DERIVED_FILE_DIR)/Pods-FruitHub-checkManifestLockResult.txt",
			);
			runOnlyForDeploymentPostprocessing = 0;
			shellPath = /bin/sh;
			shellScript = "diff \"${PODS_PODFILE_DIR_PATH}/Podfile.lock\" \"${PODS_ROOT}/Manifest.lock\" > /dev/null\nif [ $? != 0 ] ; then\n    # print error to STDERR\n    echo \"error: The sandbox is not in sync with the Podfile.lock. Run 'pod install' or update your CocoaPods installation.\" >&2\n    exit 1\nfi\n# This output is used by Xcode 'outputs' to avoid re-running this script phase.\necho \"SUCCESS\" > \"${SCRIPT_OUTPUT_FILE_0}\"\n";
			showEnvVarsInLog = 0;
		};
		7E822F2CC8C35C675B1EFF1C /* [CP] Embed Pods Frameworks */ = {
			isa = PBXShellScriptBuildPhase;
			buildActionMask = 2147483647;
			files = (
			);
			inputFileListPaths = (
				"${PODS_ROOT}/Target Support Files/Pods-FruitHub/Pods-FruitHub-frameworks-${CONFIGURATION}-input-files.xcfilelist",
			);
			name = "[CP] Embed Pods Frameworks";
			outputFileListPaths = (
				"${PODS_ROOT}/Target Support Files/Pods-FruitHub/Pods-FruitHub-frameworks-${CONFIGURATION}-output-files.xcfilelist",
			);
			runOnlyForDeploymentPostprocessing = 0;
			shellPath = /bin/sh;
			shellScript = "\"${PODS_ROOT}/Target Support Files/Pods-FruitHub/Pods-FruitHub-frameworks.sh\"\n";
			showEnvVarsInLog = 0;
		};
/* End PBXShellScriptBuildPhase section */

/* Begin PBXSourcesBuildPhase section */
		6FAA95442A9D07EF00D6E795 /* Sources */ = {
			isa = PBXSourcesBuildPhase;
			buildActionMask = 2147483647;
			files = (
				6FAA95502A9D07EF00D6E795 /* WelcomeVC.swift in Sources */,
				6FAA957E2A9D169F00D6E795 /* FruitListingCollectionviewCell.swift in Sources */,
				6FAA95822A9D1AEF00D6E795 /* HomeViewModel.swift in Sources */,
				6FAA954C2A9D07EF00D6E795 /* AppDelegate.swift in Sources */,
				6FAA954E2A9D07EF00D6E795 /* SceneDelegate.swift in Sources */,
				6FAA957D2A9D169F00D6E795 /* HomeVC.swift in Sources */,
				6FAA95732A9D0F9B00D6E795 /* Extensions.swift in Sources */,
				6FAA95802A9D169F00D6E795 /* TitleNameCollectionViewCell.swift in Sources */,
				6FAA95782A9D14C500D6E795 /* InitialInfoVC.swift in Sources */,
			);
			runOnlyForDeploymentPostprocessing = 0;
		};
/* End PBXSourcesBuildPhase section */

/* Begin PBXVariantGroup section */
		6FAA95512A9D07EF00D6E795 /* Main.storyboard */ = {
			isa = PBXVariantGroup;
			children = (
				6FAA95522A9D07EF00D6E795 /* Base */,
			);
			name = Main.storyboard;
			sourceTree = "<group>";
		};
		6FAA95562A9D07F000D6E795 /* LaunchScreen.storyboard */ = {
			isa = PBXVariantGroup;
			children = (
				6FAA95572A9D07F000D6E795 /* Base */,
			);
			name = LaunchScreen.storyboard;
			sourceTree = "<group>";
		};
/* End PBXVariantGroup section */

/* Begin XCBuildConfiguration section */
		6FAA955A2A9D07F000D6E795 /* Debug */ = {
			isa = XCBuildConfiguration;
			buildSettings = {
				ALWAYS_SEARCH_USER_PATHS = NO;
				CLANG_ANALYZER_NONNULL = YES;
				CLANG_ANALYZER_NUMBER_OBJECT_CONVERSION = YES_AGGRESSIVE;
				CLANG_CXX_LANGUAGE_STANDARD = "gnu++20";
				CLANG_ENABLE_MODULES = YES;
				CLANG_ENABLE_OBJC_ARC = YES;
				CLANG_ENABLE_OBJC_WEAK = YES;
				CLANG_WARN_BLOCK_CAPTURE_AUTORELEASING = YES;
				CLANG_WARN_BOOL_CONVERSION = YES;
				CLANG_WARN_COMMA = YES;
				CLANG_WARN_CONSTANT_CONVERSION = YES;
				CLANG_WARN_DEPRECATED_OBJC_IMPLEMENTATIONS = YES;
				CLANG_WARN_DIRECT_OBJC_ISA_USAGE = YES_ERROR;
				CLANG_WARN_DOCUMENTATION_COMMENTS = YES;
				CLANG_WARN_EMPTY_BODY = YES;
				CLANG_WARN_ENUM_CONVERSION = YES;
				CLANG_WARN_INFINITE_RECURSION = YES;
				CLANG_WARN_INT_CONVERSION = YES;
				CLANG_WARN_NON_LITERAL_NULL_CONVERSION = YES;
				CLANG_WARN_OBJC_IMPLICIT_RETAIN_SELF = YES;
				CLANG_WARN_OBJC_LITERAL_CONVERSION = YES;
				CLANG_WARN_OBJC_ROOT_CLASS = YES_ERROR;
				CLANG_WARN_QUOTED_INCLUDE_IN_FRAMEWORK_HEADER = YES;
				CLANG_WARN_RANGE_LOOP_ANALYSIS = YES;
				CLANG_WARN_STRICT_PROTOTYPES = YES;
				CLANG_WARN_SUSPICIOUS_MOVE = YES;
				CLANG_WARN_UNGUARDED_AVAILABILITY = YES_AGGRESSIVE;
				CLANG_WARN_UNREACHABLE_CODE = YES;
				CLANG_WARN__DUPLICATE_METHOD_MATCH = YES;
				COPY_PHASE_STRIP = NO;
				DEBUG_INFORMATION_FORMAT = dwarf;
				ENABLE_STRICT_OBJC_MSGSEND = YES;
				ENABLE_TESTABILITY = YES;
				GCC_C_LANGUAGE_STANDARD = gnu11;
				GCC_DYNAMIC_NO_PIC = NO;
				GCC_NO_COMMON_BLOCKS = YES;
				GCC_OPTIMIZATION_LEVEL = 0;
				GCC_PREPROCESSOR_DEFINITIONS = (
					"DEBUG=1",
					"$(inherited)",
				);
				GCC_WARN_64_TO_32_BIT_CONVERSION = YES;
				GCC_WARN_ABOUT_RETURN_TYPE = YES_ERROR;
				GCC_WARN_UNDECLARED_SELECTOR = YES;
				GCC_WARN_UNINITIALIZED_AUTOS = YES_AGGRESSIVE;
				GCC_WARN_UNUSED_FUNCTION = YES;
				GCC_WARN_UNUSED_VARIABLE = YES;
				IPHONEOS_DEPLOYMENT_TARGET = 16.4;
				MTL_ENABLE_DEBUG_INFO = INCLUDE_SOURCE;
				MTL_FAST_MATH = YES;
				ONLY_ACTIVE_ARCH = YES;
				SDKROOT = iphoneos;
				SWIFT_ACTIVE_COMPILATION_CONDITIONS = DEBUG;
				SWIFT_OPTIMIZATION_LEVEL = "-Onone";
			};
			name = Debug;
		};
		6FAA955B2A9D07F000D6E795 /* Release */ = {
			isa = XCBuildConfiguration;
			buildSettings = {
				ALWAYS_SEARCH_USER_PATHS = NO;
				CLANG_ANALYZER_NONNULL = YES;
				CLANG_ANALYZER_NUMBER_OBJECT_CONVERSION = YES_AGGRESSIVE;
				CLANG_CXX_LANGUAGE_STANDARD = "gnu++20";
				CLANG_ENABLE_MODULES = YES;
				CLANG_ENABLE_OBJC_ARC = YES;
				CLANG_ENABLE_OBJC_WEAK = YES;
				CLANG_WARN_BLOCK_CAPTURE_AUTORELEASING = YES;
				CLANG_WARN_BOOL_CONVERSION = YES;
				CLANG_WARN_COMMA = YES;
				CLANG_WARN_CONSTANT_CONVERSION = YES;
				CLANG_WARN_DEPRECATED_OBJC_IMPLEMENTATIONS = YES;
				CLANG_WARN_DIRECT_OBJC_ISA_USAGE = YES_ERROR;
				CLANG_WARN_DOCUMENTATION_COMMENTS = YES;
				CLANG_WARN_EMPTY_BODY = YES;
				CLANG_WARN_ENUM_CONVERSION = YES;
				CLANG_WARN_INFINITE_RECURSION = YES;
				CLANG_WARN_INT_CONVERSION = YES;
				CLANG_WARN_NON_LITERAL_NULL_CONVERSION = YES;
				CLANG_WARN_OBJC_IMPLICIT_RETAIN_SELF = YES;
				CLANG_WARN_OBJC_LITERAL_CONVERSION = YES;
				CLANG_WARN_OBJC_ROOT_CLASS = YES_ERROR;
				CLANG_WARN_QUOTED_INCLUDE_IN_FRAMEWORK_HEADER = YES;
				CLANG_WARN_RANGE_LOOP_ANALYSIS = YES;
				CLANG_WARN_STRICT_PROTOTYPES = YES;
				CLANG_WARN_SUSPICIOUS_MOVE = YES;
				CLANG_WARN_UNGUARDED_AVAILABILITY = YES_AGGRESSIVE;
				CLANG_WARN_UNREACHABLE_CODE = YES;
				CLANG_WARN__DUPLICATE_METHOD_MATCH = YES;
				COPY_PHASE_STRIP = NO;
				DEBUG_INFORMATION_FORMAT = "dwarf-with-dsym";
				ENABLE_NS_ASSERTIONS = NO;
				ENABLE_STRICT_OBJC_MSGSEND = YES;
				GCC_C_LANGUAGE_STANDARD = gnu11;
				GCC_NO_COMMON_BLOCKS = YES;
				GCC_WARN_64_TO_32_BIT_CONVERSION = YES;
				GCC_WARN_ABOUT_RETURN_TYPE = YES_ERROR;
				GCC_WARN_UNDECLARED_SELECTOR = YES;
				GCC_WARN_UNINITIALIZED_AUTOS = YES_AGGRESSIVE;
				GCC_WARN_UNUSED_FUNCTION = YES;
				GCC_WARN_UNUSED_VARIABLE = YES;
				IPHONEOS_DEPLOYMENT_TARGET = 16.4;
				MTL_ENABLE_DEBUG_INFO = NO;
				MTL_FAST_MATH = YES;
				SDKROOT = iphoneos;
				SWIFT_COMPILATION_MODE = wholemodule;
				SWIFT_OPTIMIZATION_LEVEL = "-O";
				VALIDATE_PRODUCT = YES;
			};
			name = Release;
		};
		6FAA955D2A9D07F000D6E795 /* Debug */ = {
			isa = XCBuildConfiguration;
			baseConfigurationReference = 55F92F2B42B8C05E42A11E53 /* Pods-FruitHub.debug.xcconfig */;
			buildSettings = {
				ASSETCATALOG_COMPILER_APPICON_NAME = AppIcon;
				ASSETCATALOG_COMPILER_GLOBAL_ACCENT_COLOR_NAME = AccentColor;
				CODE_SIGN_STYLE = Automatic;
				CURRENT_PROJECT_VERSION = 1;
				GENERATE_INFOPLIST_FILE = YES;
				INFOPLIST_FILE = FruitHub/Info.plist;
				INFOPLIST_KEY_UIApplicationSupportsIndirectInputEvents = YES;
				INFOPLIST_KEY_UILaunchStoryboardName = LaunchScreen;
				INFOPLIST_KEY_UIMainStoryboardFile = Main;
				INFOPLIST_KEY_UISupportedInterfaceOrientations = UIInterfaceOrientationPortrait;
				IPHONEOS_DEPLOYMENT_TARGET = 13.0;
				LD_RUNPATH_SEARCH_PATHS = (
					"$(inherited)",
					"@executable_path/Frameworks",
				);
				MARKETING_VERSION = 1.0;
				PRODUCT_BUNDLE_IDENTIFIER = com.fruithub.FruitHub;
				PRODUCT_NAME = "$(TARGET_NAME)";
				SWIFT_EMIT_LOC_STRINGS = YES;
				SWIFT_VERSION = 5.0;
				TARGETED_DEVICE_FAMILY = "1,2";
			};
			name = Debug;
		};
		6FAA955E2A9D07F000D6E795 /* Release */ = {
			isa = XCBuildConfiguration;
			baseConfigurationReference = FC79057D798A06E03D5B8C03 /* Pods-FruitHub.release.xcconfig */;
			buildSettings = {
				ASSETCATALOG_COMPILER_APPICON_NAME = AppIcon;
				ASSETCATALOG_COMPILER_GLOBAL_ACCENT_COLOR_NAME = AccentColor;
				CODE_SIGN_STYLE = Automatic;
				CURRENT_PROJECT_VERSION = 1;
				GENERATE_INFOPLIST_FILE = YES;
				INFOPLIST_FILE = FruitHub/Info.plist;
				INFOPLIST_KEY_UIApplicationSupportsIndirectInputEvents = YES;
				INFOPLIST_KEY_UILaunchStoryboardName = LaunchScreen;
				INFOPLIST_KEY_UIMainStoryboardFile = Main;
				INFOPLIST_KEY_UISupportedInterfaceOrientations = UIInterfaceOrientationPortrait;
				IPHONEOS_DEPLOYMENT_TARGET = 13.0;
				LD_RUNPATH_SEARCH_PATHS = (
					"$(inherited)",
					"@executable_path/Frameworks",
				);
				MARKETING_VERSION = 1.0;
				PRODUCT_BUNDLE_IDENTIFIER = com.fruithub.FruitHub;
				PRODUCT_NAME = "$(TARGET_NAME)";
				SWIFT_EMIT_LOC_STRINGS = YES;
				SWIFT_VERSION = 5.0;
				TARGETED_DEVICE_FAMILY = "1,2";
			};
			name = Release;
		};
/* End XCBuildConfiguration section */

/* Begin XCConfigurationList section */
		6FAA95432A9D07EF00D6E795 /* Build configuration list for PBXProject "FruitHub" */ = {
			isa = XCConfigurationList;
			buildConfigurations = (
				6FAA955A2A9D07F000D6E795 /* Debug */,
				6FAA955B2A9D07F000D6E795 /* Release */,
			);
			defaultConfigurationIsVisible = 0;
			defaultConfigurationName = Release;
		};
		6FAA955C2A9D07F000D6E795 /* Build configuration list for PBXNativeTarget "FruitHub" */ = {
			isa = XCConfigurationList;
			buildConfigurations = (
				6FAA955D2A9D07F000D6E795 /* Debug */,
				6FAA955E2A9D07F000D6E795 /* Release */,
			);
			defaultConfigurationIsVisible = 0;
			defaultConfigurationName = Release;
		};
/* End XCConfigurationList section */
	};
	rootObject = 6FAA95402A9D07EF00D6E795 /* Project object */;
}
